// !$*UTF8*$!
{
	archiveVersion = 1;
	classes = {
	};
	objectVersion = 77;
	objects = {

/* Begin PBXContainerItemProxy section */
		5A7FA67B2CAACDD7000C8750 /* PBXContainerItemProxy */ = {
			isa = PBXContainerItemProxy;
			containerPortal = 5A7FA6622CAACDD5000C8750 /* Project object */;
			proxyType = 1;
			remoteGlobalIDString = 5A7FA6692CAACDD6000C8750;
			remoteInfo = "Rock, Paper, Scissors";
		};
		5A7FA6852CAACDD7000C8750 /* PBXContainerItemProxy */ = {
			isa = PBXContainerItemProxy;
			containerPortal = 5A7FA6622CAACDD5000C8750 /* Project object */;
			proxyType = 1;
			remoteGlobalIDString = 5A7FA6692CAACDD6000C8750;
			remoteInfo = "Rock, Paper, Scissors";
		};
/* End PBXContainerItemProxy section */

/* Begin PBXFileReference section */
		5A7FA66A2CAACDD6000C8750 /* Rock, Paper, Scissors.app */ = {isa = PBXFileReference; explicitFileType = wrapper.application; includeInIndex = 0; path = "Rock, Paper, Scissors.app"; sourceTree = BUILT_PRODUCTS_DIR; };
		5A7FA67A2CAACDD7000C8750 /* Rock, Paper, ScissorsTests.xctest */ = {isa = PBXFileReference; explicitFileType = wrapper.cfbundle; includeInIndex = 0; path = "Rock, Paper, ScissorsTests.xctest"; sourceTree = BUILT_PRODUCTS_DIR; };
		5A7FA6842CAACDD7000C8750 /* Rock, Paper, ScissorsUITests.xctest */ = {isa = PBXFileReference; explicitFileType = wrapper.cfbundle; includeInIndex = 0; path = "Rock, Paper, ScissorsUITests.xctest"; sourceTree = BUILT_PRODUCTS_DIR; };
/* End PBXFileReference section */

/* Begin PBXFileSystemSynchronizedRootGroup section */
		5A7FA66C2CAACDD6000C8750 /* Rock, Paper, Scissors */ = {
			isa = PBXFileSystemSynchronizedRootGroup;
			path = "Rock, Paper, Scissors";
			sourceTree = "<group>";
		};
/* End PBXFileSystemSynchronizedRootGroup section */

/* Begin PBXFrameworksBuildPhase section */
		5A7FA6672CAACDD6000C8750 /* Frameworks */ = {
			isa = PBXFrameworksBuildPhase;
			buildActionMask = 2147483647;
			files = (
			);
			runOnlyForDeploymentPostprocessing = 0;
		};
		5A7FA6772CAACDD7000C8750 /* Frameworks */ = {
			isa = PBXFrameworksBuildPhase;
			buildActionMask = 2147483647;
			files = (
			);
			runOnlyForDeploymentPostprocessing = 0;
		};
		5A7FA6812CAACDD7000C8750 /* Frameworks */ = {
			isa = PBXFrameworksBuildPhase;
			buildActionMask = 2147483647;
			files = (
			);
			runOnlyForDeploymentPostprocessing = 0;
		};
/* End PBXFrameworksBuildPhase section */

/* Begin PBXGroup section */
		5A7FA6612CAACDD5000C8750 = {
			isa = PBXGroup;
			children = (
				5A7FA66C2CAACDD6000C8750 /* Rock, Paper, Scissors */,
				5A7FA66B2CAACDD6000C8750 /* Products */,
			);
			sourceTree = "<group>";
		};
		5A7FA66B2CAACDD6000C8750 /* Products */ = {
			isa = PBXGroup;
			children = (
				5A7FA66A2CAACDD6000C8750 /* Rock, Paper, Scissors.app */,
				5A7FA67A2CAACDD7000C8750 /* Rock, Paper, ScissorsTests.xctest */,
				5A7FA6842CAACDD7000C8750 /* Rock, Paper, ScissorsUITests.xctest */,
			);
			name = Products;
			sourceTree = "<group>";
		};
/* End PBXGroup section */

/* Begin PBXNativeTarget section */
		5A7FA6692CAACDD6000C8750 /* Rock, Paper, Scissors */ = {
			isa = PBXNativeTarget;
			buildConfigurationList = 5A7FA68E2CAACDD7000C8750 /* Build configuration list for PBXNativeTarget "Rock, Paper, Scissors" */;
			buildPhases = (
				5A7FA6662CAACDD6000C8750 /* Sources */,
				5A7FA6672CAACDD6000C8750 /* Frameworks */,
				5A7FA6682CAACDD6000C8750 /* Resources */,
			);
			buildRules = (
			);
			dependencies = (
			);
			fileSystemSynchronizedGroups = (
				5A7FA66C2CAACDD6000C8750 /* Rock, Paper, Scissors */,
			);
			name = "Rock, Paper, Scissors";
			packageProductDependencies = (
			);
			productName = "Rock, Paper, Scissors";
			productReference = 5A7FA66A2CAACDD6000C8750 /* Rock, Paper, Scissors.app */;
			productType = "com.apple.product-type.application";
		};
		5A7FA6792CAACDD7000C8750 /* Rock, Paper, ScissorsTests */ = {
			isa = PBXNativeTarget;
			buildConfigurationList = 5A7FA6912CAACDD7000C8750 /* Build configuration list for PBXNativeTarget "Rock, Paper, ScissorsTests" */;
			buildPhases = (
				5A7FA6762CAACDD7000C8750 /* Sources */,
				5A7FA6772CAACDD7000C8750 /* Frameworks */,
				5A7FA6782CAACDD7000C8750 /* Resources */,
			);
			buildRules = (
			);
			dependencies = (
				5A7FA67C2CAACDD7000C8750 /* PBXTargetDependency */,
			);
			name = "Rock, Paper, ScissorsTests";
			packageProductDependencies = (
			);
			productName = "Rock, Paper, ScissorsTests";
			productReference = 5A7FA67A2CAACDD7000C8750 /* Rock, Paper, ScissorsTests.xctest */;
			productType = "com.apple.product-type.bundle.unit-test";
		};
		5A7FA6832CAACDD7000C8750 /* Rock, Paper, ScissorsUITests */ = {
			isa = PBXNativeTarget;
			buildConfigurationList = 5A7FA6942CAACDD7000C8750 /* Build configuration list for PBXNativeTarget "Rock, Paper, ScissorsUITests" */;
			buildPhases = (
				5A7FA6802CAACDD7000C8750 /* Sources */,
				5A7FA6812CAACDD7000C8750 /* Frameworks */,
				5A7FA6822CAACDD7000C8750 /* Resources */,
			);
			buildRules = (
			);
			dependencies = (
				5A7FA6862CAACDD7000C8750 /* PBXTargetDependency */,
			);
			name = "Rock, Paper, ScissorsUITests";
			packageProductDependencies = (
			);
			productName = "Rock, Paper, ScissorsUITests";
			productReference = 5A7FA6842CAACDD7000C8750 /* Rock, Paper, ScissorsUITests.xctest */;
			productType = "com.apple.product-type.bundle.ui-testing";
		};
/* End PBXNativeTarget section */

/* Begin PBXProject section */
		5A7FA6622CAACDD5000C8750 /* Project object */ = {
			isa = PBXProject;
			attributes = {
				BuildIndependentTargetsInParallel = 1;
				LastSwiftUpdateCheck = 1600;
				LastUpgradeCheck = 1600;
				TargetAttributes = {
					5A7FA6692CAACDD6000C8750 = {
						CreatedOnToolsVersion = 16.0;
					};
					5A7FA6792CAACDD7000C8750 = {
						CreatedOnToolsVersion = 16.0;
						TestTargetID = 5A7FA6692CAACDD6000C8750;
					};
					5A7FA6832CAACDD7000C8750 = {
						CreatedOnToolsVersion = 16.0;
						TestTargetID = 5A7FA6692CAACDD6000C8750;
					};
				};
			};
			buildConfigurationList = 5A7FA6652CAACDD5000C8750 /* Build configuration list for PBXProject "Rock, Paper, Scissors" */;
			developmentRegion = en;
			hasScannedForEncodings = 0;
			knownRegions = (
				en,
				Base,
			);
			mainGroup = 5A7FA6612CAACDD5000C8750;
			minimizedProjectReferenceProxies = 1;
			preferredProjectObjectVersion = 77;
			productRefGroup = 5A7FA66B2CAACDD6000C8750 /* Products */;
			projectDirPath = "";
			projectRoot = "";
			targets = (
				5A7FA6692CAACDD6000C8750 /* Rock, Paper, Scissors */,
				5A7FA6792CAACDD7000C8750 /* Rock, Paper, ScissorsTests */,
				5A7FA6832CAACDD7000C8750 /* Rock, Paper, ScissorsUITests */,
			);
		};
/* End PBXProject section */

/* Begin PBXResourcesBuildPhase section */
		5A7FA6682CAACDD6000C8750 /* Resources */ = {
			isa = PBXResourcesBuildPhase;
			buildActionMask = 2147483647;
			files = (
			);
			runOnlyForDeploymentPostprocessing = 0;
		};
		5A7FA6782CAACDD7000C8750 /* Resources */ = {
			isa = PBXResourcesBuildPhase;
			buildActionMask = 2147483647;
			files = (
			);
			runOnlyForDeploymentPostprocessing = 0;
		};
		5A7FA6822CAACDD7000C8750 /* Resources */ = {
			isa = PBXResourcesBuildPhase;
			buildActionMask = 2147483647;
			files = (
			);
			runOnlyForDeploymentPostprocessing = 0;
		};
/* End PBXResourcesBuildPhase section */

/* Begin PBXSourcesBuildPhase section */
		5A7FA6662CAACDD6000C8750 /* Sources */ = {
			isa = PBXSourcesBuildPhase;
			buildActionMask = 2147483647;
			files = (
			);
			runOnlyForDeploymentPostprocessing = 0;
		};
		5A7FA6762CAACDD7000C8750 /* Sources */ = {
			isa = PBXSourcesBuildPhase;
			buildActionMask = 2147483647;
			files = (
			);
			runOnlyForDeploymentPostprocessing = 0;
		};
		5A7FA6802CAACDD7000C8750 /* Sources */ = {
			isa = PBXSourcesBuildPhase;
			buildActionMask = 2147483647;
			files = (
			);
			runOnlyForDeploymentPostprocessing = 0;
		};
/* End PBXSourcesBuildPhase section */

/* Begin PBXTargetDependency section */
		5A7FA67C2CAACDD7000C8750 /* PBXTargetDependency */ = {
			isa = PBXTargetDependency;
			target = 5A7FA6692CAACDD6000C8750 /* Rock, Paper, Scissors */;
			targetProxy = 5A7FA67B2CAACDD7000C8750 /* PBXContainerItemProxy */;
		};
		5A7FA6862CAACDD7000C8750 /* PBXTargetDependency */ = {
			isa = PBXTargetDependency;
			target = 5A7FA6692CAACDD6000C8750 /* Rock, Paper, Scissors */;
			targetProxy = 5A7FA6852CAACDD7000C8750 /* PBXContainerItemProxy */;
		};
/* End PBXTargetDependency section */

/* Begin XCBuildConfiguration section */
		5A7FA68C2CAACDD7000C8750 /* Debug */ = {
			isa = XCBuildConfiguration;
			buildSettings = {
				ALWAYS_SEARCH_USER_PATHS = NO;
				ASSETCATALOG_COMPILER_GENERATE_SWIFT_ASSET_SYMBOL_EXTENSIONS = YES;
				CLANG_ANALYZER_NONNULL = YES;
				CLANG_ANALYZER_NUMBER_OBJECT_CONVERSION = YES_AGGRESSIVE;
				CLANG_CXX_LANGUAGE_STANDARD = "gnu++20";
				CLANG_ENABLE_MODULES = YES;
				CLANG_ENABLE_OBJC_ARC = YES;
				CLANG_ENABLE_OBJC_WEAK = YES;
				CLANG_WARN_BLOCK_CAPTURE_AUTORELEASING = YES;
				CLANG_WARN_BOOL_CONVERSION = YES;
				CLANG_WARN_COMMA = YES;
				CLANG_WARN_CONSTANT_CONVERSION = YES;
				CLANG_WARN_DEPRECATED_OBJC_IMPLEMENTATIONS = YES;
				CLANG_WARN_DIRECT_OBJC_ISA_USAGE = YES_ERROR;
				CLANG_WARN_DOCUMENTATION_COMMENTS = YES;
				CLANG_WARN_EMPTY_BODY = YES;
				CLANG_WARN_ENUM_CONVERSION = YES;
				CLANG_WARN_INFINITE_RECURSION = YES;
				CLANG_WARN_INT_CONVERSION = YES;
				CLANG_WARN_NON_LITERAL_NULL_CONVERSION = YES;
				CLANG_WARN_OBJC_IMPLICIT_RETAIN_SELF = YES;
				CLANG_WARN_OBJC_LITERAL_CONVERSION = YES;
				CLANG_WARN_OBJC_ROOT_CLASS = YES_ERROR;
				CLANG_WARN_QUOTED_INCLUDE_IN_FRAMEWORK_HEADER = YES;
				CLANG_WARN_RANGE_LOOP_ANALYSIS = YES;
				CLANG_WARN_STRICT_PROTOTYPES = YES;
				CLANG_WARN_SUSPICIOUS_MOVE = YES;
				CLANG_WARN_UNGUARDED_AVAILABILITY = YES_AGGRESSIVE;
				CLANG_WARN_UNREACHABLE_CODE = YES;
				CLANG_WARN__DUPLICATE_METHOD_MATCH = YES;
				COPY_PHASE_STRIP = NO;
				DEBUG_INFORMATION_FORMAT = dwarf;
				ENABLE_STRICT_OBJC_MSGSEND = YES;
				ENABLE_TESTABILITY = YES;
				ENABLE_USER_SCRIPT_SANDBOXING = YES;
				GCC_C_LANGUAGE_STANDARD = gnu17;
				GCC_DYNAMIC_NO_PIC = NO;
				GCC_NO_COMMON_BLOCKS = YES;
				GCC_OPTIMIZATION_LEVEL = 0;
				GCC_PREPROCESSOR_DEFINITIONS = (
					"DEBUG=1",
					"$(inherited)",
				);
				GCC_WARN_64_TO_32_BIT_CONVERSION = YES;
				GCC_WARN_ABOUT_RETURN_TYPE = YES_ERROR;
				GCC_WARN_UNDECLARED_SELECTOR = YES;
				GCC_WARN_UNINITIALIZED_AUTOS = YES_AGGRESSIVE;
				GCC_WARN_UNUSED_FUNCTION = YES;
				GCC_WARN_UNUSED_VARIABLE = YES;
				IPHONEOS_DEPLOYMENT_TARGET = 18.0;
				LOCALIZATION_PREFERS_STRING_CATALOGS = YES;
				MTL_ENABLE_DEBUG_INFO = INCLUDE_SOURCE;
				MTL_FAST_MATH = YES;
				ONLY_ACTIVE_ARCH = YES;
				SDKROOT = iphoneos;
				SWIFT_ACTIVE_COMPILATION_CONDITIONS = "DEBUG $(inherited)";
				SWIFT_OPTIMIZATION_LEVEL = "-Onone";
			};
			name = Debug;
		};
		5A7FA68D2CAACDD7000C8750 /* Release */ = {
			isa = XCBuildConfiguration;
			buildSettings = {
				ALWAYS_SEARCH_USER_PATHS = NO;
				ASSETCATALOG_COMPILER_GENERATE_SWIFT_ASSET_SYMBOL_EXTENSIONS = YES;
				CLANG_ANALYZER_NONNULL = YES;
				CLANG_ANALYZER_NUMBER_OBJECT_CONVERSION = YES_AGGRESSIVE;
				CLANG_CXX_LANGUAGE_STANDARD = "gnu++20";
				CLANG_ENABLE_MODULES = YES;
				CLANG_ENABLE_OBJC_ARC = YES;
				CLANG_ENABLE_OBJC_WEAK = YES;
				CLANG_WARN_BLOCK_CAPTURE_AUTORELEASING = YES;
				CLANG_WARN_BOOL_CONVERSION = YES;
				CLANG_WARN_COMMA = YES;
				CLANG_WARN_CONSTANT_CONVERSION = YES;
				CLANG_WARN_DEPRECATED_OBJC_IMPLEMENTATIONS = YES;
				CLANG_WARN_DIRECT_OBJC_ISA_USAGE = YES_ERROR;
				CLANG_WARN_DOCUMENTATION_COMMENTS = YES;
				CLANG_WARN_EMPTY_BODY = YES;
				CLANG_WARN_ENUM_CONVERSION = YES;
				CLANG_WARN_INFINITE_RECURSION = YES;
				CLANG_WARN_INT_CONVERSION = YES;
				CLANG_WARN_NON_LITERAL_NULL_CONVERSION = YES;
				CLANG_WARN_OBJC_IMPLICIT_RETAIN_SELF = YES;
				CLANG_WARN_OBJC_LITERAL_CONVERSION = YES;
				CLANG_WARN_OBJC_ROOT_CLASS = YES_ERROR;
				CLANG_WARN_QUOTED_INCLUDE_IN_FRAMEWORK_HEADER = YES;
				CLANG_WARN_RANGE_LOOP_ANALYSIS = YES;
				CLANG_WARN_STRICT_PROTOTYPES = YES;
				CLANG_WARN_SUSPICIOUS_MOVE = YES;
				CLANG_WARN_UNGUARDED_AVAILABILITY = YES_AGGRESSIVE;
				CLANG_WARN_UNREACHABLE_CODE = YES;
				CLANG_WARN__DUPLICATE_METHOD_MATCH = YES;
				COPY_PHASE_STRIP = NO;
				DEBUG_INFORMATION_FORMAT = "dwarf-with-dsym";
				ENABLE_NS_ASSERTIONS = NO;
				ENABLE_STRICT_OBJC_MSGSEND = YES;
				ENABLE_USER_SCRIPT_SANDBOXING = YES;
				GCC_C_LANGUAGE_STANDARD = gnu17;
				GCC_NO_COMMON_BLOCKS = YES;
				GCC_WARN_64_TO_32_BIT_CONVERSION = YES;
				GCC_WARN_ABOUT_RETURN_TYPE = YES_ERROR;
				GCC_WARN_UNDECLARED_SELECTOR = YES;
				GCC_WARN_UNINITIALIZED_AUTOS = YES_AGGRESSIVE;
				GCC_WARN_UNUSED_FUNCTION = YES;
				GCC_WARN_UNUSED_VARIABLE = YES;
				IPHONEOS_DEPLOYMENT_TARGET = 18.0;
				LOCALIZATION_PREFERS_STRING_CATALOGS = YES;
				MTL_ENABLE_DEBUG_INFO = NO;
				MTL_FAST_MATH = YES;
				SDKROOT = iphoneos;
				SWIFT_COMPILATION_MODE = wholemodule;
				VALIDATE_PRODUCT = YES;
			};
			name = Release;
		};
		5A7FA68F2CAACDD7000C8750 /* Debug */ = {
			isa = XCBuildConfiguration;
			buildSettings = {
				ASSETCATALOG_COMPILER_APPICON_NAME = AppIcon;
				ASSETCATALOG_COMPILER_GLOBAL_ACCENT_COLOR_NAME = AccentColor;
				CODE_SIGN_STYLE = Automatic;
				CURRENT_PROJECT_VERSION = 1;
				DEVELOPMENT_ASSET_PATHS = "\"Rock, Paper, Scissors/Preview Content\"";
				DEVELOPMENT_TEAM = ZUXSFXWRJ3;
				ENABLE_PREVIEWS = YES;
				GENERATE_INFOPLIST_FILE = YES;
				INFOPLIST_KEY_UIApplicationSceneManifest_Generation = YES;
				INFOPLIST_KEY_UIApplicationSupportsIndirectInputEvents = YES;
				INFOPLIST_KEY_UILaunchScreen_Generation = YES;
				INFOPLIST_KEY_UISupportedInterfaceOrientations_iPad = "UIInterfaceOrientationPortrait UIInterfaceOrientationPortraitUpsideDown UIInterfaceOrientationLandscapeLeft UIInterfaceOrientationLandscapeRight";
				INFOPLIST_KEY_UISupportedInterfaceOrientations_iPhone = "UIInterfaceOrientationPortrait UIInterfaceOrientationLandscapeLeft UIInterfaceOrientationLandscapeRight";
				LD_RUNPATH_SEARCH_PATHS = (
					"$(inherited)",
					"@executable_path/Frameworks",
				);
				MARKETING_VERSION = 1.0;
				PRODUCT_BUNDLE_IDENTIFIER = "Filin.Rock--Paper--Scissors";
				PRODUCT_NAME = "$(TARGET_NAME)";
				SWIFT_EMIT_LOC_STRINGS = YES;
				SWIFT_VERSION = 5.0;
				TARGETED_DEVICE_FAMILY = "1,2";
			};
			name = Debug;
		};
		5A7FA6902CAACDD7000C8750 /* Release */ = {
			isa = XCBuildConfiguration;
			buildSettings = {
				ASSETCATALOG_COMPILER_APPICON_NAME = AppIcon;
				ASSETCATALOG_COMPILER_GLOBAL_ACCENT_COLOR_NAME = AccentColor;
				CODE_SIGN_STYLE = Automatic;
				CURRENT_PROJECT_VERSION = 1;
				DEVELOPMENT_ASSET_PATHS = "\"Rock, Paper, Scissors/Preview Content\"";
				DEVELOPMENT_TEAM = ZUXSFXWRJ3;
				ENABLE_PREVIEWS = YES;
				GENERATE_INFOPLIST_FILE = YES;
				INFOPLIST_KEY_UIApplicationSceneManifest_Generation = YES;
				INFOPLIST_KEY_UIApplicationSupportsIndirectInputEvents = YES;
				INFOPLIST_KEY_UILaunchScreen_Generation = YES;
				INFOPLIST_KEY_UISupportedInterfaceOrientations_iPad = "UIInterfaceOrientationPortrait UIInterfaceOrientationPortraitUpsideDown UIInterfaceOrientationLandscapeLeft UIInterfaceOrientationLandscapeRight";
				INFOPLIST_KEY_UISupportedInterfaceOrientations_iPhone = "UIInterfaceOrientationPortrait UIInterfaceOrientationLandscapeLeft UIInterfaceOrientationLandscapeRight";
				LD_RUNPATH_SEARCH_PATHS = (
					"$(inherited)",
					"@executable_path/Frameworks",
				);
				MARKETING_VERSION = 1.0;
				PRODUCT_BUNDLE_IDENTIFIER = "Filin.Rock--Paper--Scissors";
				PRODUCT_NAME = "$(TARGET_NAME)";
				SWIFT_EMIT_LOC_STRINGS = YES;
				SWIFT_VERSION = 5.0;
				TARGETED_DEVICE_FAMILY = "1,2";
			};
			name = Release;
		};
		5A7FA6922CAACDD7000C8750 /* Debug */ = {
			isa = XCBuildConfiguration;
			buildSettings = {
				BUNDLE_LOADER = "$(TEST_HOST)";
				CODE_SIGN_STYLE = Automatic;
				CURRENT_PROJECT_VERSION = 1;
				DEVELOPMENT_TEAM = ZUXSFXWRJ3;
				GENERATE_INFOPLIST_FILE = YES;
				IPHONEOS_DEPLOYMENT_TARGET = 18.0;
				MARKETING_VERSION = 1.0;
				PRODUCT_BUNDLE_IDENTIFIER = "Filin.Rock--Paper--ScissorsTests";
				PRODUCT_NAME = "$(TARGET_NAME)";
				SWIFT_EMIT_LOC_STRINGS = NO;
				SWIFT_VERSION = 5.0;
				TARGETED_DEVICE_FAMILY = "1,2";
				TEST_HOST = "$(BUILT_PRODUCTS_DIR)/Rock, Paper, Scissors.app/$(BUNDLE_EXECUTABLE_FOLDER_PATH)/Rock, Paper, Scissors";
			};
			name = Debug;
		};
		5A7FA6932CAACDD7000C8750 /* Release */ = {
			isa = XCBuildConfiguration;
			buildSettings = {
				BUNDLE_LOADER = "$(TEST_HOST)";
				CODE_SIGN_STYLE = Automatic;
				CURRENT_PROJECT_VERSION = 1;
				DEVELOPMENT_TEAM = ZUXSFXWRJ3;
				GENERATE_INFOPLIST_FILE = YES;
				IPHONEOS_DEPLOYMENT_TARGET = 18.0;
				MARKETING_VERSION = 1.0;
				PRODUCT_BUNDLE_IDENTIFIER = "Filin.Rock--Paper--ScissorsTests";
				PRODUCT_NAME = "$(TARGET_NAME)";
				SWIFT_EMIT_LOC_STRINGS = NO;
				SWIFT_VERSION = 5.0;
				TARGETED_DEVICE_FAMILY = "1,2";
				TEST_HOST = "$(BUILT_PRODUCTS_DIR)/Rock, Paper, Scissors.app/$(BUNDLE_EXECUTABLE_FOLDER_PATH)/Rock, Paper, Scissors";
			};
			name = Release;
		};
		5A7FA6952CAACDD7000C8750 /* Debug */ = {
			isa = XCBuildConfiguration;
			buildSettings = {
				CODE_SIGN_STYLE = Automatic;
				CURRENT_PROJECT_VERSION = 1;
				DEVELOPMENT_TEAM = ZUXSFXWRJ3;
				GENERATE_INFOPLIST_FILE = YES;
				MARKETING_VERSION = 1.0;
				PRODUCT_BUNDLE_IDENTIFIER = "Filin.Rock--Paper--ScissorsUITests";
				PRODUCT_NAME = "$(TARGET_NAME)";
				SWIFT_EMIT_LOC_STRINGS = NO;
				SWIFT_VERSION = 5.0;
				TARGETED_DEVICE_FAMILY = "1,2";
				TEST_TARGET_NAME = "Rock, Paper, Scissors";
			};
			name = Debug;
		};
		5A7FA6962CAACDD7000C8750 /* Release */ = {
			isa = XCBuildConfiguration;
			buildSettings = {
				CODE_SIGN_STYLE = Automatic;
				CURRENT_PROJECT_VERSION = 1;
				DEVELOPMENT_TEAM = ZUXSFXWRJ3;
				GENERATE_INFOPLIST_FILE = YES;
				MARKETING_VERSION = 1.0;
				PRODUCT_BUNDLE_IDENTIFIER = "Filin.Rock--Paper--ScissorsUITests";
				PRODUCT_NAME = "$(TARGET_NAME)";
				SWIFT_EMIT_LOC_STRINGS = NO;
				SWIFT_VERSION = 5.0;
				TARGETED_DEVICE_FAMILY = "1,2";
				TEST_TARGET_NAME = "Rock, Paper, Scissors";
			};
			name = Release;
		};
/* End XCBuildConfiguration section */

/* Begin XCConfigurationList section */
		5A7FA6652CAACDD5000C8750 /* Build configuration list for PBXProject "Rock, Paper, Scissors" */ = {
			isa = XCConfigurationList;
			buildConfigurations = (
				5A7FA68C2CAACDD7000C8750 /* Debug */,
				5A7FA68D2CAACDD7000C8750 /* Release */,
			);
			defaultConfigurationIsVisible = 0;
			defaultConfigurationName = Release;
		};
		5A7FA68E2CAACDD7000C8750 /* Build configuration list for PBXNativeTarget "Rock, Paper, Scissors" */ = {
			isa = XCConfigurationList;
			buildConfigurations = (
				5A7FA68F2CAACDD7000C8750 /* Debug */,
				5A7FA6902CAACDD7000C8750 /* Release */,
			);
			defaultConfigurationIsVisible = 0;
			defaultConfigurationName = Release;
		};
		5A7FA6912CAACDD7000C8750 /* Build configuration list for PBXNativeTarget "Rock, Paper, ScissorsTests" */ = {
			isa = XCConfigurationList;
			buildConfigurations = (
				5A7FA6922CAACDD7000C8750 /* Debug */,
				5A7FA6932CAACDD7000C8750 /* Release */,
			);
			defaultConfigurationIsVisible = 0;
			defaultConfigurationName = Release;
		};
		5A7FA6942CAACDD7000C8750 /* Build configuration list for PBXNativeTarget "Rock, Paper, ScissorsUITests" */ = {
			isa = XCConfigurationList;
			buildConfigurations = (
				5A7FA6952CAACDD7000C8750 /* Debug */,
				5A7FA6962CAACDD7000C8750 /* Release */,
			);
			defaultConfigurationIsVisible = 0;
			defaultConfigurationName = Release;
		};
/* End XCConfigurationList section */
	};
	rootObject = 5A7FA6622CAACDD5000C8750 /* Project object */;
}
